{
  "name": "subscription_manager",
  "lockfileVersion": 3,
  "requires": true,
  "packages": {
    "": {
      "dependencies": {
        "@arcjet/inspect": "^1.1.0",
        "@arcjet/node": "^1.1.0",
        "node-cron": "^4.2.1",
        "nodemailer": "^8.0.1"
      }
    },
    "node_modules/@arcjet/analyze": {
      "version": "1.1.0",
      "resolved": "https://registry.npmjs.org/@arcjet/analyze/-/analyze-1.1.0.tgz",
      "integrity": "sha512-rbgjTjk4PvoRh8wweerD5Qr0G/xar0XWNiRTvzcmrnJofuhESLjWD87p3Y3Od307gzex8Whtu+jA0LvII1H4DA==",
      "license": "Apache-2.0",
      "dependencies": {
        "@arcjet/analyze-wasm": "1.1.0",
        "@arcjet/protocol": "1.1.0"
      },
      "engines": {
        "node": ">=20"
      }
    },
    "node_modules/@arcjet/analyze-wasm": {
      "version": "1.1.0",
      "resolved": "https://registry.npmjs.org/@arcjet/analyze-wasm/-/analyze-wasm-1.1.0.tgz",
      "integrity": "sha512-CrzSBa9rQFQRfIUofm2FuwVjlnCdWK8hQz3uxbMqYFFLeGPAQftM2noHM7P2p+2Rq6j1p6u462RIpjg2Y2rhXQ==",
      "license": "Apache-2.0",
      "engines": {
        "node": ">=20"
      }
    },
    "node_modules/@arcjet/body": {
      "version": "1.1.0",
      "resolved": "https://registry.npmjs.org/@arcjet/body/-/body-1.1.0.tgz",
      "integrity": "sha512-ijMcy71ezPtu9aj29Cde6McBd634ugtqD26ufF8r/fb7YH/eYsWJQS4LZBnkEdgangAfb2VO1VEUpKwGSyZmqA==",
      "license": "Apache-2.0",
      "engines": {
        "node": ">=20"
      }
    },
    "node_modules/@arcjet/cache": {
      "version": "1.1.0",
      "resolved": "https://registry.npmjs.org/@arcjet/cache/-/cache-1.1.0.tgz",
      "integrity": "sha512-TFt5PdlQVOngGTL+Q02NLGtv6Ks15m68a5Jksk9rEDM8vVzwoFE6KXawPNPm0pcwow4a/C+GcYwYprDm7MpXlw==",
      "license": "Apache-2.0",
      "engines": {
        "node": ">=20"
      }
    },
    "node_modules/@arcjet/duration": {
      "version": "1.1.0",
      "resolved": "https://registry.npmjs.org/@arcjet/duration/-/duration-1.1.0.tgz",
      "integrity": "sha512-22MVyEnJgRv4RpFol6LefKAjh2ei7ekBIkawPZi+F0YNQtGPTTJP7r+gLT615oUcZFptBxiuogsXk6zhFycSsA==",
      "license": "Apache-2.0",
      "engines": {
        "node": ">=20"
      }
    },
    "node_modules/@arcjet/env": {
      "version": "1.1.0",
      "resolved": "https://registry.npmjs.org/@arcjet/env/-/env-1.1.0.tgz",
      "integrity": "sha512-q6GLj4HRBJZy12EHtqre1ihvSJMikl5jwenzIMjBkkAIuyl0bpOpMpnIuaP5bJ4dkVLTpsicIcEYn6aFGZsXOA==",
      "license": "Apache-2.0",
      "engines": {
        "node": ">=20"
      }
    },
    "node_modules/@arcjet/headers": {
      "version": "1.1.0",
      "resolved": "https://registry.npmjs.org/@arcjet/headers/-/headers-1.1.0.tgz",
      "integrity": "sha512-V4PVy84gxc30g8CGZaLl//QAogdaAKJ2Sbtjccd5iUmxeUXXdqW3L0/xwm0xCebwB8rxojwhG7CzD3uv781Zdw==",
      "license": "Apache-2.0",
      "engines": {
        "node": ">=20"
      }
    },
    "node_modules/@arcjet/inspect": {
      "version": "1.1.0",
      "resolved": "https://registry.npmjs.org/@arcjet/inspect/-/inspect-1.1.0.tgz",
      "integrity": "sha512-yaBGbG/iwfpR/mfyiomLGzePjUr7YFzLi2qss/TjDLcX6TvQ4nW+HqOidGzAE5IVqdtl13TG9vD2f2tv9AkIog==",
      "license": "Apache-2.0",
      "dependencies": {
        "@arcjet/protocol": "1.1.0"
      },
      "engines": {
        "node": ">=20"
      }
    },
    "node_modules/@arcjet/ip": {
      "version": "1.1.0",
      "resolved": "https://registry.npmjs.org/@arcjet/ip/-/ip-1.1.0.tgz",
      "integrity": "sha512-mxOqZ/EVhO3bN7NBr36yURyFLE9KEXUzW+Pbq3U9HogqjMoNA4g3rkomVo3cNWhJcNCHNMRKplWbFsvVuyRdHQ==",
      "license": "Apache-2.0",
      "engines": {
        "node": ">=20"
      }
    },
    "node_modules/@arcjet/logger": {
      "version": "1.1.0",
      "resolved": "https://registry.npmjs.org/@arcjet/logger/-/logger-1.1.0.tgz",
      "integrity": "sha512-QQkDpdevbDOK8Ojy7REQap6y3J0fC1/5D/TE7hlC41Y2Gz6oyXIYzbLxEoyCYkfzMeOnMthHAXXwzI+E2gvdgg==",
      "license": "Apache-2.0",
      "dependencies": {
        "@arcjet/sprintf": "1.1.0"
      },
      "engines": {
        "node": ">=20"
      }
    },
    "node_modules/@arcjet/node": {
      "version": "1.1.0",
      "resolved": "https://registry.npmjs.org/@arcjet/node/-/node-1.1.0.tgz",
      "integrity": "sha512-89WpKP3xwvpLuKPhN7hWMAER76EnI6f5tUydVMm+LJF1TKJcZt80L91vEO4nTQU+is28BR57P4/IF7q+voDQSQ==",
      "license": "Apache-2.0",
      "dependencies": {
        "@arcjet/body": "1.1.0",
        "@arcjet/env": "1.1.0",
        "@arcjet/headers": "1.1.0",
        "@arcjet/ip": "1.1.0",
        "@arcjet/logger": "1.1.0",
        "@arcjet/protocol": "1.1.0",
        "@arcjet/transport": "1.1.0",
        "arcjet": "1.1.0"
      },
      "engines": {
        "node": ">=20"
      }
    },
    "node_modules/@arcjet/protocol": {
      "version": "1.1.0",
      "resolved": "https://registry.npmjs.org/@arcjet/protocol/-/protocol-1.1.0.tgz",
      "integrity": "sha512-evjUsyOh04bQgH9lWm/xIyqF3C8XkiKvRa/QYuUvMYEpe/J1hndHaOZqzqlzQqkm44cbM5l8s+06SpHyaG/iFg==",
      "license": "Apache-2.0",
      "dependencies": {
        "@arcjet/cache": "1.1.0",
        "@bufbuild/protobuf": "2.11.0",
        "@connectrpc/connect": "2.1.1",
        "typeid-js": "1.2.0"
      },
      "engines": {
        "node": ">=20"
      }
    },
    "node_modules/@arcjet/runtime": {
      "version": "1.1.0",
      "resolved": "https://registry.npmjs.org/@arcjet/runtime/-/runtime-1.1.0.tgz",
      "integrity": "sha512-v/7I9n3l9ZHBWGOoSBIxhEZ5WhcLPToWWXz8HBn30H1UFzholJCSDvIKesTogSt/EmxEUVDwxnHFZxZh+EX9Zw==",
      "license": "Apache-2.0",
      "engines": {
        "node": ">=20"
      }
    },
    "node_modules/@arcjet/sprintf": {
      "version": "1.1.0",
      "resolved": "https://registry.npmjs.org/@arcjet/sprintf/-/sprintf-1.1.0.tgz",
      "integrity": "sha512-YA19YrUYnEPxVPS5O41MlkynVLEtBVeu/eqrXGckQHmS7PuyNZEO2h8ZU+6G+ppua9igZUEzgYFVIh6UJRjWpQ==",
      "license": "Apache-2.0",
      "engines": {
        "node": ">=20"
      }
    },
    "node_modules/@arcjet/stable-hash": {
      "version": "1.1.0",
      "resolved": "https://registry.npmjs.org/@arcjet/stable-hash/-/stable-hash-1.1.0.tgz",
      "integrity": "sha512-JdeLw2r7f4sJKRi48BAypjcqgwlMf8LgcVZs3xH+CjE0N9DAxkl1AY/6Wt03WOz4S0FahC/amzCVNMJ6TlnQfA==",
      "license": "Apache-2.0",
      "engines": {
        "node": ">=20"
      }
    },
    "node_modules/@arcjet/transport": {
      "version": "1.1.0",
      "resolved": "https://registry.npmjs.org/@arcjet/transport/-/transport-1.1.0.tgz",
      "integrity": "sha512-nv/9HSroy4UxndxFYF39St4t8yXTTKGnaKXqPDhRGBHwPGPMLvLHxvXD4bguDWu5iMSKGazsJFJx/RD/7SwG9Q==",
      "license": "Apache-2.0",
      "dependencies": {
        "@bufbuild/protobuf": "2.11.0",
        "@connectrpc/connect": "2.1.1",
        "@connectrpc/connect-node": "2.1.1",
        "@connectrpc/connect-web": "2.1.1"
      },
      "engines": {
        "node": ">=20"
      }
    },
    "node_modules/@bufbuild/protobuf": {
      "version": "2.11.0",
      "resolved": "https://registry.npmjs.org/@bufbuild/protobuf/-/protobuf-2.11.0.tgz",
      "integrity": "sha512-sBXGT13cpmPR5BMgHE6UEEfEaShh5Ror6rfN3yEK5si7QVrtZg8LEPQb0VVhiLRUslD2yLnXtnRzG035J/mZXQ==",
      "license": "(Apache-2.0 AND BSD-3-Clause)"
    },
    "node_modules/@connectrpc/connect": {
      "version": "2.1.1",
      "resolved": "https://registry.npmjs.org/@connectrpc/connect/-/connect-2.1.1.tgz",
      "integrity": "sha512-JzhkaTvM73m2K1URT6tv53k2RwngSmCXLZJgK580qNQOXRzZRR/BCMfZw3h+90JpnG6XksP5bYT+cz0rpUzUWQ==",
      "license": "Apache-2.0",
      "peerDependencies": {
        "@bufbuild/protobuf": "^2.7.0"
      }
    },
    "node_modules/@connectrpc/connect-node": {
      "version": "2.1.1",
      "resolved": "https://registry.npmjs.org/@connectrpc/connect-node/-/connect-node-2.1.1.tgz",
      "integrity": "sha512-s3TfsI1XF+n+1z6MBS9rTnFsxxR4Rw5wmdEnkQINli81ESGxcsfaEet8duzq8LVuuCupmhUsgpRo0Nv9pZkufg==",
      "license": "Apache-2.0",
      "engines": {
        "node": ">=20"
      },
      "peerDependencies": {
        "@bufbuild/protobuf": "^2.7.0",
        "@connectrpc/connect": "2.1.1"
      }
    },
    "node_modules/@connectrpc/connect-web": {
      "version": "2.1.1",
      "resolved": "https://registry.npmjs.org/@connectrpc/connect-web/-/connect-web-2.1.1.tgz",
      "integrity": "sha512-J8317Q2MaFRCT1jzVR1o06bZhDIBmU0UAzWx6xOIXzOq8+k71/+k7MUF7AwcBUX+34WIvbm5syRgC5HXQA8fOg==",
      "license": "Apache-2.0",
      "peerDependencies": {
        "@bufbuild/protobuf": "^2.7.0",
        "@connectrpc/connect": "2.1.1"
      }
    },
    "node_modules/arcjet": {
      "version": "1.1.0",
      "resolved": "https://registry.npmjs.org/arcjet/-/arcjet-1.1.0.tgz",
      "integrity": "sha512-YRzr8kfTLdSdp45W5Xrzf1+TMAvDYELD2D2Gg6jXgLZl0PjM/SoK3TMCTz/CMxohBx2AV17/wSM24YjcDEoHcg==",
      "license": "Apache-2.0",
      "dependencies": {
        "@arcjet/analyze": "1.1.0",
        "@arcjet/cache": "1.1.0",
        "@arcjet/duration": "1.1.0",
        "@arcjet/headers": "1.1.0",
        "@arcjet/protocol": "1.1.0",
        "@arcjet/runtime": "1.1.0",
        "@arcjet/stable-hash": "1.1.0"
      },
      "engines": {
        "node": ">=20"
      }
    },
    "node_modules/node-cron": {
      "version": "4.2.1",
      "resolved": "https://registry.npmjs.org/node-cron/-/node-cron-4.2.1.tgz",
      "integrity": "sha512-lgimEHPE/QDgFlywTd8yTR61ptugX3Qer29efeyWw2rv259HtGBNn1vZVmp8lB9uo9wC0t/AT4iGqXxia+CJFg==",
      "license": "ISC",
      "engines": {
        "node": ">=6.0.0"
      }
    },
    "node_modules/nodemailer": {
      "version": "8.0.1",
      "resolved": "https://registry.npmjs.org/nodemailer/-/nodemailer-8.0.1.tgz",
      "integrity": "sha512-5kcldIXmaEjZcHR6F28IKGSgpmZHaF1IXLWFTG+Xh3S+Cce4MiakLtWY+PlBU69fLbRa8HlaGIrC/QolUpHkhg==",
      "license": "MIT-0",
      "engines": {
        "node": ">=6.0.0"
      }
    },
    "node_modules/typeid-js": {
      "version": "1.2.0",
      "resolved": "https://registry.npmjs.org/typeid-js/-/typeid-js-1.2.0.tgz",
      "integrity": "sha512-t76ZucAnvGC60ea/HjVsB0TSoB0cw9yjnfurUgtInXQWUI/VcrlZGpO23KN3iSe8yOGUgb1zr7W7uEzJ3hSljA==",
      "license": "Apache-2.0",
      "dependencies": {
        "uuid": "^10.0.0"
      }
    },
    "node_modules/uuid": {
      "version": "10.0.0",
      "resolved": "https://registry.npmjs.org/uuid/-/uuid-10.0.0.tgz",
      "integrity": "sha512-8XkAphELsDnEGrDxUOHB3RGvXz6TeuYSGEZBOjtTtPm2lwhGBjLgOzLHB63IUWfBpNucQjND6d3AOudO+H3RWQ==",
      "funding": [
        "https://github.com/sponsors/broofa",
        "https://github.com/sponsors/ctavan"
      ],
      "license": "MIT",
      "bin": {
        "uuid": "dist/bin/uuid"
      }
    }
  }
}
